
Microsoft Visual Studio Solution File, Format Version 12.00
# Visual Studio 15
VisualStudioVersion = 15.0.27130.2010
MinimumVisualStudioVersion = 10.0.40219.1
Project("{9A19103F-16F7-4668-BE54-9A1E7A4F7556}") = "WebApiClient.Tools.Swagger", "WebApiClient.Tools.Swagger\WebApiClient.Tools.Swagger.csproj", "{D6A35645-DF24-4410-82DA-2FA221009C98}"
EndProject
Global
	GlobalSection(SolutionConfigurationPlatforms) = preSolution
		Debug|Any CPU = Debug|Any CPU
		Release|Any CPU = Release|Any CPU
	EndGlobalSection
	GlobalSection(ProjectConfigurationPlatforms) = postSolution
		{D6A35645-DF24-4410-82DA-2FA221009C98}.Debug|Any CPU.ActiveCfg = Debug|Any CPU
		{D6A35645-DF24-4410-82DA-2FA221009C98}.Debug|Any CPU.Build.0 = Debug|Any CPU
		{D6A35645-DF24-4410-82DA-2FA221009C98}.Release|Any CPU.ActiveCfg = Release|Any CPU
		{D6A35645-DF24-4410-82DA-2FA221009C98}.Release|Any CPU.Build.0 = Release|Any CPU
	EndGlobalSection
	GlobalSection(SolutionProperties) = preSolution
		HideSolutionNode = FALSE
	EndGlobalSection
	GlobalSection(ExtensibilityGlobals) = postSolution
		SolutionGuid = {612ED51B-5CBE-4DE1-918B-EAC36837C70F}
	EndGlobalSection
EndGlobal
