
Microsoft Visual Studio Solution File, Format Version 12.00
# Visual Studio 15
VisualStudioVersion = 15.0.28010.2036
MinimumVisualStudioVersion = 10.0.40219.1
Project("{FAE04EC0-301F-11D3-BF4B-00C04F79EFBC}") = "WebApiClient.Tools.Swagger", "WebApiClient.Tools.Swagger\WebApiClient.Tools.Swagger.csproj", "{B89BA3B6-A0B1-470F-8F26-2256393491DC}"
EndProject
Global
	GlobalSection(SolutionConfigurationPlatforms) = preSolution
		Debug|Any CPU = Debug|Any CPU
		Release|Any CPU = Release|Any CPU
	EndGlobalSection
	GlobalSection(ProjectConfigurationPlatforms) = postSolution
		{B89BA3B6-A0B1-470F-8F26-2256393491DC}.Debug|Any CPU.ActiveCfg = Debug|Any CPU
		{B89BA3B6-A0B1-470F-8F26-2256393491DC}.Debug|Any CPU.Build.0 = Debug|Any CPU
		{B89BA3B6-A0B1-470F-8F26-2256393491DC}.Release|Any CPU.ActiveCfg = Release|Any CPU
		{B89BA3B6-A0B1-470F-8F26-2256393491DC}.Release|Any CPU.Build.0 = Release|Any CPU
	EndGlobalSection
	GlobalSection(SolutionProperties) = preSolution
		HideSolutionNode = FALSE
	EndGlobalSection
	GlobalSection(ExtensibilityGlobals) = postSolution
		SolutionGuid = {612ED51B-5CBE-4DE1-918B-EAC36837C70F}
	EndGlobalSection
EndGlobal
